# This file is automatically @generated by Poetry 1.7.0 and should not be changed by hand.

[[package]]
name = "addressbook"
version = "1.0.1"
description = "A simple stand-alone address book for keeping track of people's addresses, contact information, identification, and relationships."
optional = false
python-versions = "*"
files = [
    {file = "addressbook-1.0.1-py3-none-any.whl", hash = "sha256:562a326131f8250a0535c92abd205baba15d89623bd04d36f1c16a9efa9a1cc0"},
    {file = "addressbook-1.0.1.tar.gz", hash = "sha256:45730f4efd0275abff7cc9ba1f360502e08817a0b5849463e14eef22d34fb198"},
]

[metadata]
lock-version = "2.0"
python-versions = "^3.11"
content-hash = "7b9f2e0ac8c5dfa083270d823827008337a736629295be60920cde9b5fc5b7aa"
